<?xml version="1.0" encoding="utf-8"?>
<Project ToolsVersion="17.0" xmlns="http://schemas.microsoft.com/developer/msbuild/2003">
  <ItemGroup>
    <CustomBuild Include="C:\Users\jfeze\Documents\Documents\8.Fall 2023\AERSP Capstone\Git-The-Man-Overboard-AERSP497\pace-main\CMakeFiles\0cddf89fd35f725ae5d69a740e94bdd0\workversion.rule">
      <Filter>CMake Rules</Filter>
    </CustomBuild>
    <CustomBuild Include="C:\Users\jfeze\source\repos\pace-main\pace-main\rmax\CMakeLists.txt" />
  </ItemGroup>
  <ItemGroup>
    <None Include="C:\Users\jfeze\Documents\Documents\8.Fall 2023\AERSP Capstone\Git-The-Man-Overboard-AERSP497\pace-main\rmax\CMakeFiles\workversion" />
  </ItemGroup>
  <ItemGroup>
    <Filter Include="CMake Rules">
      <UniqueIdentifier>{986A263B-5EED-37B7-B2A8-BE675515FFEA}</UniqueIdentifier>
    </Filter>
  </ItemGroup>
</Project>
